
Microsoft Visual Studio Solution File, Format Version 12.00
# Visual Studio Version 17
VisualStudioVersion = 17.13.35825.156 d17.13
MinimumVisualStudioVersion = 10.0.40219.1
Project("{FAE04EC0-301F-11D3-BF4B-00C04F79EFBC}") = "ZTP - Statki", "ZTP - Statki.csproj", "{DC16768B-5E98-4B2E-A0E9-7707FE192AB7}"
EndProject
Global
	GlobalSection(SolutionConfigurationPlatforms) = preSolution
		Debug|Any CPU = Debug|Any CPU
		Release|Any CPU = Release|Any CPU
	EndGlobalSection
	GlobalSection(ProjectConfigurationPlatforms) = postSolution
		{DC16768B-5E98-4B2E-A0E9-7707FE192AB7}.Debug|Any CPU.ActiveCfg = Debug|Any CPU
		{DC16768B-5E98-4B2E-A0E9-7707FE192AB7}.Debug|Any CPU.Build.0 = Debug|Any CPU
		{DC16768B-5E98-4B2E-A0E9-7707FE192AB7}.Release|Any CPU.ActiveCfg = Release|Any CPU
		{DC16768B-5E98-4B2E-A0E9-7707FE192AB7}.Release|Any CPU.Build.0 = Release|Any CPU
	EndGlobalSection
	GlobalSection(SolutionProperties) = preSolution
		HideSolutionNode = FALSE
	EndGlobalSection
	GlobalSection(ExtensibilityGlobals) = postSolution
		SolutionGuid = {9A03D442-93C2-4E53-8B47-BC8FB2AA50A2}
	EndGlobalSection
EndGlobal
